
Microsoft Visual Studio Solution File, Format Version 12.00
# Visual Studio 15
Project("{FAE04EC0-301F-11D3-BF4B-00C04F79EFBC}") = "Assembly-CSharp-firstpass", "Assembly-CSharp-firstpass.csproj", "{D6DC2172-EE73-5787-5667-734839EEDD82}"
EndProject
Project("{FAE04EC0-301F-11D3-BF4B-00C04F79EFBC}") = "Assembly-CSharp", "Assembly-CSharp.csproj", "{07A5A9C8-B5E0-8FA6-7D0A-6601BE380B59}"
EndProject
Global
	GlobalSection(SolutionConfigurationPlatforms) = preSolution
		Debug|Any CPU = Debug|Any CPU
		Release|Any CPU = Release|Any CPU
	EndGlobalSection
	GlobalSection(ProjectConfigurationPlatforms) = postSolution
		{D6DC2172-EE73-5787-5667-734839EEDD82}.Debug|Any CPU.ActiveCfg = Debug|Any CPU
		{D6DC2172-EE73-5787-5667-734839EEDD82}.Debug|Any CPU.Build.0 = Debug|Any CPU
		{D6DC2172-EE73-5787-5667-734839EEDD82}.Release|Any CPU.ActiveCfg = Release|Any CPU
		{D6DC2172-EE73-5787-5667-734839EEDD82}.Release|Any CPU.Build.0 = Release|Any CPU
		{07A5A9C8-B5E0-8FA6-7D0A-6601BE380B59}.Debug|Any CPU.ActiveCfg = Debug|Any CPU
		{07A5A9C8-B5E0-8FA6-7D0A-6601BE380B59}.Debug|Any CPU.Build.0 = Debug|Any CPU
		{07A5A9C8-B5E0-8FA6-7D0A-6601BE380B59}.Release|Any CPU.ActiveCfg = Release|Any CPU
		{07A5A9C8-B5E0-8FA6-7D0A-6601BE380B59}.Release|Any CPU.Build.0 = Release|Any CPU
	EndGlobalSection
	GlobalSection(SolutionProperties) = preSolution
		HideSolutionNode = FALSE
	EndGlobalSection
EndGlobal
